
Microsoft Visual Studio Solution File, Format Version 12.00
Project("{FAE04EC0-301F-11D3-BF4B-00C04F79EFBC}") = "SuperMarche", "SuperMarche.csproj", "{C1BCF1BF-A03E-4C66-B7A0-F7D75B2B9D8E}"
EndProject
Project("{FAE04EC0-301F-11D3-BF4B-00C04F79EFBC}") = "SuperMarche.Test", "SuperMarche.Test\SuperMarche.Test.csproj", "{A0B34228-E2D9-4D8D-B78F-21732AD48B7B}"
EndProject
Global
	GlobalSection(SolutionConfigurationPlatforms) = preSolution
		Debug|Any CPU = Debug|Any CPU
		Release|Any CPU = Release|Any CPU
	EndGlobalSection
	GlobalSection(ProjectConfigurationPlatforms) = postSolution
		{C1BCF1BF-A03E-4C66-B7A0-F7D75B2B9D8E}.Debug|Any CPU.ActiveCfg = Debug|Any CPU
		{C1BCF1BF-A03E-4C66-B7A0-F7D75B2B9D8E}.Debug|Any CPU.Build.0 = Debug|Any CPU
		{C1BCF1BF-A03E-4C66-B7A0-F7D75B2B9D8E}.Release|Any CPU.ActiveCfg = Release|Any CPU
		{C1BCF1BF-A03E-4C66-B7A0-F7D75B2B9D8E}.Release|Any CPU.Build.0 = Release|Any CPU
		{A0B34228-E2D9-4D8D-B78F-21732AD48B7B}.Debug|Any CPU.ActiveCfg = Debug|Any CPU
		{A0B34228-E2D9-4D8D-B78F-21732AD48B7B}.Debug|Any CPU.Build.0 = Debug|Any CPU
		{A0B34228-E2D9-4D8D-B78F-21732AD48B7B}.Release|Any CPU.ActiveCfg = Release|Any CPU
		{A0B34228-E2D9-4D8D-B78F-21732AD48B7B}.Release|Any CPU.Build.0 = Release|Any CPU
	EndGlobalSection
EndGlobal
